
Microsoft Visual Studio Solution File, Format Version 12.00
# Visual Studio Version 16
VisualStudioVersion = 16.0.29009.5
MinimumVisualStudioVersion = 10.0.40219.1
Project("{9A19103F-16F7-4668-BE54-9A1E7A4F7556}") = "Mock_Testing", "Mock_Testing\Mock_Testing.csproj", "{4FA27873-15C8-4836-B2BC-BE27C91722BA}"
EndProject
Project("{FAE04EC0-301F-11D3-BF4B-00C04F79EFBC}") = "Mock_Testing.Tests", "Mock_Testing.Tests\Mock_Testing.Tests.csproj", "{531942C5-E1AA-4D62-ABCB-540B0F397B4D}"
EndProject
Global
	GlobalSection(SolutionConfigurationPlatforms) = preSolution
		Debug|Any CPU = Debug|Any CPU
		Release|Any CPU = Release|Any CPU
	EndGlobalSection
	GlobalSection(ProjectConfigurationPlatforms) = postSolution
		{4FA27873-15C8-4836-B2BC-BE27C91722BA}.Debug|Any CPU.ActiveCfg = Debug|Any CPU
		{4FA27873-15C8-4836-B2BC-BE27C91722BA}.Debug|Any CPU.Build.0 = Debug|Any CPU
		{4FA27873-15C8-4836-B2BC-BE27C91722BA}.Release|Any CPU.ActiveCfg = Release|Any CPU
		{4FA27873-15C8-4836-B2BC-BE27C91722BA}.Release|Any CPU.Build.0 = Release|Any CPU
		{531942C5-E1AA-4D62-ABCB-540B0F397B4D}.Debug|Any CPU.ActiveCfg = Debug|Any CPU
		{531942C5-E1AA-4D62-ABCB-540B0F397B4D}.Debug|Any CPU.Build.0 = Debug|Any CPU
		{531942C5-E1AA-4D62-ABCB-540B0F397B4D}.Release|Any CPU.ActiveCfg = Release|Any CPU
		{531942C5-E1AA-4D62-ABCB-540B0F397B4D}.Release|Any CPU.Build.0 = Release|Any CPU
	EndGlobalSection
	GlobalSection(SolutionProperties) = preSolution
		HideSolutionNode = FALSE
	EndGlobalSection
	GlobalSection(ExtensibilityGlobals) = postSolution
		SolutionGuid = {8C29F733-5A25-4019-891B-660B88C304EA}
	EndGlobalSection
EndGlobal
